// !$*UTF8*$!
{
	archiveVersion = 1;
	classes = {
	};
	objectVersion = 46;
	objects = {

/* Begin PBXBuildFile section */
		230EC5797C17C0F859125EEE /* Pods_WhatsOpen.framework in Frameworks */ = {isa = PBXBuildFile; fileRef = 927A8466141434969CE74044 /* Pods_WhatsOpen.framework */; };
		7F4743271E11D1BC00E6E3D1 /* MainTableViewControllerTests.swift in Sources */ = {isa = PBXBuildFile; fileRef = 7F4743261E11D1BC00E6E3D1 /* MainTableViewControllerTests.swift */; };
		92108A331ED755F100675E16 /* CheckingTableViewCell.swift in Sources */ = {isa = PBXBuildFile; fileRef = 92108A321ED755F100675E16 /* CheckingTableViewCell.swift */; };
		92182EC01E95BD2C00192ABA /* FacilitiesListViewController.swift in Sources */ = {isa = PBXBuildFile; fileRef = 92182EBF1E95BD2C00192ABA /* FacilitiesListViewController.swift */; };
		92182EC41E95C38400192ABA /* FacilityDetailViewController.swift in Sources */ = {isa = PBXBuildFile; fileRef = 92182EC31E95C38400192ABA /* FacilityDetailViewController.swift */; };
		924840F81EA915F200DBFF4E /* FacilityCollectionViewCell.swift in Sources */ = {isa = PBXBuildFile; fileRef = 924840F71EA915F200DBFF4E /* FacilityCollectionViewCell.swift */; };
		9265F3A11F2969E500A54A21 /* SettingTableViewCell.swift in Sources */ = {isa = PBXBuildFile; fileRef = 9265F3A01F2969E500A54A21 /* SettingTableViewCell.swift */; };
		9265F3A31F2C0B1500A54A21 /* AboutScreenViewController.swift in Sources */ = {isa = PBXBuildFile; fileRef = 9265F3A21F2C0B1500A54A21 /* AboutScreenViewController.swift */; };
		9270A4DB1EB5565400DFBDA3 /* SwitchingTableViewCell.swift in Sources */ = {isa = PBXBuildFile; fileRef = 9270A4DA1EB5565400DFBDA3 /* SwitchingTableViewCell.swift */; };
		9270A4DD1EC0010300DFBDA3 /* Filters.swift in Sources */ = {isa = PBXBuildFile; fileRef = 9270A4DC1EC0010300DFBDA3 /* Filters.swift */; };
		927C80DA1EB02566009079AD /* SettingsTableViewController.swift in Sources */ = {isa = PBXBuildFile; fileRef = 927C80D91EB02566009079AD /* SettingsTableViewController.swift */; };
		927C80DC1EB18B89009079AD /* FiltersTableViewController.swift in Sources */ = {isa = PBXBuildFile; fileRef = 927C80DB1EB18B89009079AD /* FiltersTableViewController.swift */; };
		929157221FF4662F00ED63C7 /* PickingTableViewCell.swift in Sources */ = {isa = PBXBuildFile; fileRef = 929157211FF4662F00ED63C7 /* PickingTableViewCell.swift */; };
		92B2D2FF1FF8599500349E90 /* FilterSelectionTableViewController.swift in Sources */ = {isa = PBXBuildFile; fileRef = 92B2D2FE1FF8599500349E90 /* FilterSelectionTableViewController.swift */; };
		92EA81971FB7D1B500B1F6E3 /* PaddedUILabel.swift in Sources */ = {isa = PBXBuildFile; fileRef = 92EA81961FB7D1B500B1F6E3 /* PaddedUILabel.swift */; };
		92F681581FC1353700393DF4 /* Pods-WhatsOpen-acknowledgements.plist in Resources */ = {isa = PBXBuildFile; fileRef = 92F681571FC1353700393DF4 /* Pods-WhatsOpen-acknowledgements.plist */; };
		92F6815A1FC137CF00393DF4 /* Settings.bundle in Resources */ = {isa = PBXBuildFile; fileRef = 92F681591FC137CF00393DF4 /* Settings.bundle */; };
		92FF6C731FFEEEE900D836AE /* AlertCollectionViewCell.swift in Sources */ = {isa = PBXBuildFile; fileRef = 92FF6C721FFEEEE900D836AE /* AlertCollectionViewCell.swift */; };
		CD3C97491DC18AB300A84434 /* SRCTNetworkController.swift in Sources */ = {isa = PBXBuildFile; fileRef = CD3C97481DC18AB300A84434 /* SRCTNetworkController.swift */; };
		CD466DD21DC12E1200E44DF5 /* MainTableViewController.swift in Sources */ = {isa = PBXBuildFile; fileRef = CD466DD11DC12E1200E44DF5 /* MainTableViewController.swift */; };
		CD763A7A1DE24EF100ADFD6B /* examplejson.swift in Sources */ = {isa = PBXBuildFile; fileRef = CD763A791DE24EF100ADFD6B /* examplejson.swift */; };
		CD763A7C1DE251C400ADFD6B /* SRCTSimpleTableViewCell.swift in Sources */ = {isa = PBXBuildFile; fileRef = CD763A7B1DE251C400ADFD6B /* SRCTSimpleTableViewCell.swift */; };
		CD763A7E1DE253B900ADFD6B /* SRCTUtilities.swift in Sources */ = {isa = PBXBuildFile; fileRef = CD763A7D1DE253B900ADFD6B /* SRCTUtilities.swift */; };
		CD81F51D1DC0334600009FBD /* AppDelegate.swift in Sources */ = {isa = PBXBuildFile; fileRef = CD81F51C1DC0334600009FBD /* AppDelegate.swift */; };
		CD81F5221DC0334600009FBD /* Main.storyboard in Resources */ = {isa = PBXBuildFile; fileRef = CD81F5201DC0334600009FBD /* Main.storyboard */; };
		CD81F5241DC0334600009FBD /* Assets.xcassets in Resources */ = {isa = PBXBuildFile; fileRef = CD81F5231DC0334600009FBD /* Assets.xcassets */; };
		CD81F5271DC0334600009FBD /* LaunchScreen.storyboard in Resources */ = {isa = PBXBuildFile; fileRef = CD81F5251DC0334600009FBD /* LaunchScreen.storyboard */; };
/* End PBXBuildFile section */

/* Begin PBXContainerItemProxy section */
		7F47431D1E11C7D100E6E3D1 /* PBXContainerItemProxy */ = {
			isa = PBXContainerItemProxy;
			containerPortal = CD81F5111DC0334600009FBD /* Project object */;
			proxyType = 1;
			remoteGlobalIDString = CD81F5181DC0334600009FBD;
			remoteInfo = WhatsOpen;
		};
/* End PBXContainerItemProxy section */

/* Begin PBXFileReference section */
		7F4743181E11C7D100E6E3D1 /* WhatsOpenTests.xctest */ = {isa = PBXFileReference; explicitFileType = wrapper.cfbundle; includeInIndex = 0; path = WhatsOpenTests.xctest; sourceTree = BUILT_PRODUCTS_DIR; };
		7F4743261E11D1BC00E6E3D1 /* MainTableViewControllerTests.swift */ = {isa = PBXFileReference; fileEncoding = 4; lastKnownFileType = sourcecode.swift; path = MainTableViewControllerTests.swift; sourceTree = "<group>"; };
		850A3B437386146F08E37C9C /* Pods-WhatsOpen.release.xcconfig */ = {isa = PBXFileReference; includeInIndex = 1; lastKnownFileType = text.xcconfig; name = "Pods-WhatsOpen.release.xcconfig"; path = "Pods/Target Support Files/Pods-WhatsOpen/Pods-WhatsOpen.release.xcconfig"; sourceTree = "<group>"; };
		872CF49056BDED7BF0032929 /* Pods-WhatsOpen.debug.xcconfig */ = {isa = PBXFileReference; includeInIndex = 1; lastKnownFileType = text.xcconfig; name = "Pods-WhatsOpen.debug.xcconfig"; path = "Pods/Target Support Files/Pods-WhatsOpen/Pods-WhatsOpen.debug.xcconfig"; sourceTree = "<group>"; };
		8F015127235262238FB6B04D /* Pods-WhatsOpen.app store.xcconfig */ = {isa = PBXFileReference; includeInIndex = 1; lastKnownFileType = text.xcconfig; name = "Pods-WhatsOpen.app store.xcconfig"; path = "Pods/Target Support Files/Pods-WhatsOpen/Pods-WhatsOpen.app store.xcconfig"; sourceTree = "<group>"; };
		92108A321ED755F100675E16 /* CheckingTableViewCell.swift */ = {isa = PBXFileReference; fileEncoding = 4; lastKnownFileType = sourcecode.swift; path = CheckingTableViewCell.swift; sourceTree = "<group>"; };
		92182EBF1E95BD2C00192ABA /* FacilitiesListViewController.swift */ = {isa = PBXFileReference; fileEncoding = 4; lastKnownFileType = sourcecode.swift; path = FacilitiesListViewController.swift; sourceTree = "<group>"; };
		92182EC31E95C38400192ABA /* FacilityDetailViewController.swift */ = {isa = PBXFileReference; fileEncoding = 4; lastKnownFileType = sourcecode.swift; path = FacilityDetailViewController.swift; sourceTree = "<group>"; };
		924840F71EA915F200DBFF4E /* FacilityCollectionViewCell.swift */ = {isa = PBXFileReference; fileEncoding = 4; lastKnownFileType = sourcecode.swift; path = FacilityCollectionViewCell.swift; sourceTree = "<group>"; };
		9265F3A01F2969E500A54A21 /* SettingTableViewCell.swift */ = {isa = PBXFileReference; fileEncoding = 4; lastKnownFileType = sourcecode.swift; path = SettingTableViewCell.swift; sourceTree = "<group>"; };
		9265F3A21F2C0B1500A54A21 /* AboutScreenViewController.swift */ = {isa = PBXFileReference; fileEncoding = 4; lastKnownFileType = sourcecode.swift; path = AboutScreenViewController.swift; sourceTree = "<group>"; };
		9270A4DA1EB5565400DFBDA3 /* SwitchingTableViewCell.swift */ = {isa = PBXFileReference; fileEncoding = 4; lastKnownFileType = sourcecode.swift; path = SwitchingTableViewCell.swift; sourceTree = "<group>"; };
		9270A4DC1EC0010300DFBDA3 /* Filters.swift */ = {isa = PBXFileReference; fileEncoding = 4; lastKnownFileType = sourcecode.swift; path = Filters.swift; sourceTree = "<group>"; };
		927A8466141434969CE74044 /* Pods_WhatsOpen.framework */ = {isa = PBXFileReference; explicitFileType = wrapper.framework; includeInIndex = 0; path = Pods_WhatsOpen.framework; sourceTree = BUILT_PRODUCTS_DIR; };
		927C80D91EB02566009079AD /* SettingsTableViewController.swift */ = {isa = PBXFileReference; fileEncoding = 4; lastKnownFileType = sourcecode.swift; path = SettingsTableViewController.swift; sourceTree = "<group>"; };
		927C80DB1EB18B89009079AD /* FiltersTableViewController.swift */ = {isa = PBXFileReference; fileEncoding = 4; lastKnownFileType = sourcecode.swift; path = FiltersTableViewController.swift; sourceTree = "<group>"; };
		929157211FF4662F00ED63C7 /* PickingTableViewCell.swift */ = {isa = PBXFileReference; lastKnownFileType = sourcecode.swift; path = PickingTableViewCell.swift; sourceTree = "<group>"; };
		92B2D2FE1FF8599500349E90 /* FilterSelectionTableViewController.swift */ = {isa = PBXFileReference; lastKnownFileType = sourcecode.swift; path = FilterSelectionTableViewController.swift; sourceTree = "<group>"; };
		92EA81961FB7D1B500B1F6E3 /* PaddedUILabel.swift */ = {isa = PBXFileReference; lastKnownFileType = sourcecode.swift; name = PaddedUILabel.swift; path = WhatsOpen/PaddedUILabel.swift; sourceTree = SOURCE_ROOT; };
		92F681571FC1353700393DF4 /* Pods-WhatsOpen-acknowledgements.plist */ = {isa = PBXFileReference; fileEncoding = 4; lastKnownFileType = text.plist.xml; name = "Pods-WhatsOpen-acknowledgements.plist"; path = "Pods/Target Support Files/Pods-WhatsOpen/Pods-WhatsOpen-acknowledgements.plist"; sourceTree = SOURCE_ROOT; };
		92F681591FC137CF00393DF4 /* Settings.bundle */ = {isa = PBXFileReference; lastKnownFileType = "wrapper.plug-in"; path = Settings.bundle; sourceTree = "<group>"; };
		92FF6C721FFEEEE900D836AE /* AlertCollectionViewCell.swift */ = {isa = PBXFileReference; lastKnownFileType = sourcecode.swift; name = AlertCollectionViewCell.swift; path = WhatsOpen/AlertCollectionViewCell.swift; sourceTree = SOURCE_ROOT; };
		CD3C97481DC18AB300A84434 /* SRCTNetworkController.swift */ = {isa = PBXFileReference; fileEncoding = 4; lastKnownFileType = sourcecode.swift; path = SRCTNetworkController.swift; sourceTree = "<group>"; };
		CD466DD11DC12E1200E44DF5 /* MainTableViewController.swift */ = {isa = PBXFileReference; fileEncoding = 4; lastKnownFileType = sourcecode.swift; path = MainTableViewController.swift; sourceTree = "<group>"; };
		CD763A791DE24EF100ADFD6B /* examplejson.swift */ = {isa = PBXFileReference; fileEncoding = 4; lastKnownFileType = sourcecode.swift; name = examplejson.swift; path = "Object Model/examplejson.swift"; sourceTree = "<group>"; };
		CD763A7B1DE251C400ADFD6B /* SRCTSimpleTableViewCell.swift */ = {isa = PBXFileReference; fileEncoding = 4; lastKnownFileType = sourcecode.swift; path = SRCTSimpleTableViewCell.swift; sourceTree = "<group>"; };
		CD763A7D1DE253B900ADFD6B /* SRCTUtilities.swift */ = {isa = PBXFileReference; fileEncoding = 4; lastKnownFileType = sourcecode.swift; path = SRCTUtilities.swift; sourceTree = "<group>"; };
		CD81F5191DC0334600009FBD /* WhatsOpen.app */ = {isa = PBXFileReference; explicitFileType = wrapper.application; includeInIndex = 0; path = WhatsOpen.app; sourceTree = BUILT_PRODUCTS_DIR; };
		CD81F51C1DC0334600009FBD /* AppDelegate.swift */ = {isa = PBXFileReference; lastKnownFileType = sourcecode.swift; path = AppDelegate.swift; sourceTree = "<group>"; };
		CD81F5211DC0334600009FBD /* Base */ = {isa = PBXFileReference; lastKnownFileType = file.storyboard; name = Base; path = Base.lproj/Main.storyboard; sourceTree = "<group>"; };
		CD81F5231DC0334600009FBD /* Assets.xcassets */ = {isa = PBXFileReference; lastKnownFileType = folder.assetcatalog; path = Assets.xcassets; sourceTree = "<group>"; };
		CD81F5261DC0334600009FBD /* Base */ = {isa = PBXFileReference; lastKnownFileType = file.storyboard; name = Base; path = Base.lproj/LaunchScreen.storyboard; sourceTree = "<group>"; };
		CD81F5281DC0334600009FBD /* Info.plist */ = {isa = PBXFileReference; lastKnownFileType = text.plist.xml; path = Info.plist; sourceTree = "<group>"; };
/* End PBXFileReference section */

/* Begin PBXFrameworksBuildPhase section */
		7F4743151E11C7D100E6E3D1 /* Frameworks */ = {
			isa = PBXFrameworksBuildPhase;
			buildActionMask = 2147483647;
			files = (
			);
			runOnlyForDeploymentPostprocessing = 0;
		};
		CD81F5161DC0334600009FBD /* Frameworks */ = {
			isa = PBXFrameworksBuildPhase;
			buildActionMask = 2147483647;
			files = (
				230EC5797C17C0F859125EEE /* Pods_WhatsOpen.framework in Frameworks */,
			);
			runOnlyForDeploymentPostprocessing = 0;
		};
/* End PBXFrameworksBuildPhase section */

/* Begin PBXGroup section */
		2EAE8AD7B1F0ADDED5057982 /* Pods */ = {
			isa = PBXGroup;
			children = (
				872CF49056BDED7BF0032929 /* Pods-WhatsOpen.debug.xcconfig */,
				850A3B437386146F08E37C9C /* Pods-WhatsOpen.release.xcconfig */,
				8F015127235262238FB6B04D /* Pods-WhatsOpen.app store.xcconfig */,
			);
			name = Pods;
			sourceTree = "<group>";
		};
		920D17961F6C5CD200D63295 /* Views */ = {
			isa = PBXGroup;
			children = (
				92182EC31E95C38400192ABA /* FacilityDetailViewController.swift */,
				9265F3A21F2C0B1500A54A21 /* AboutScreenViewController.swift */,
				927C80D91EB02566009079AD /* SettingsTableViewController.swift */,
				927C80DB1EB18B89009079AD /* FiltersTableViewController.swift */,
				92B2D2FE1FF8599500349E90 /* FilterSelectionTableViewController.swift */,
				92182EBF1E95BD2C00192ABA /* FacilitiesListViewController.swift */,
			);
			path = Views;
			sourceTree = "<group>";
		};
		928794021FA27C8A008860FF /* Recovered References */ = {
			isa = PBXGroup;
			children = (
				7F4743261E11D1BC00E6E3D1 /* MainTableViewControllerTests.swift */,
			);
			name = "Recovered References";
			sourceTree = "<group>";
		};
		CD81F5101DC0334600009FBD = {
			isa = PBXGroup;
			children = (
				CD81F51B1DC0334600009FBD /* WhatsOpen */,
				CD81F51A1DC0334600009FBD /* Products */,
				2EAE8AD7B1F0ADDED5057982 /* Pods */,
				FD2AE174B8FDE3008F34206E /* Frameworks */,
				928794021FA27C8A008860FF /* Recovered References */,
			);
			sourceTree = "<group>";
		};
		CD81F51A1DC0334600009FBD /* Products */ = {
			isa = PBXGroup;
			children = (
				CD81F5191DC0334600009FBD /* WhatsOpen.app */,
				7F4743181E11C7D100E6E3D1 /* WhatsOpenTests.xctest */,
			);
			name = Products;
			sourceTree = "<group>";
		};
		CD81F51B1DC0334600009FBD /* WhatsOpen */ = {
			isa = PBXGroup;
			children = (
				CD81F5301DC03AA700009FBD /* DataModel */,
				CD81F51C1DC0334600009FBD /* AppDelegate.swift */,
				9270A4DC1EC0010300DFBDA3 /* Filters.swift */,
				9270A4DA1EB5565400DFBDA3 /* SwitchingTableViewCell.swift */,
				9265F3A01F2969E500A54A21 /* SettingTableViewCell.swift */,
				92108A321ED755F100675E16 /* CheckingTableViewCell.swift */,
				CD466DD11DC12E1200E44DF5 /* MainTableViewController.swift */,
				CD763A7D1DE253B900ADFD6B /* SRCTUtilities.swift */,
				CD763A7B1DE251C400ADFD6B /* SRCTSimpleTableViewCell.swift */,
				924840F71EA915F200DBFF4E /* FacilityCollectionViewCell.swift */,
				92EA81961FB7D1B500B1F6E3 /* PaddedUILabel.swift */,
				CD81F5201DC0334600009FBD /* Main.storyboard */,
				929157211FF4662F00ED63C7 /* PickingTableViewCell.swift */,
				92FF6C721FFEEEE900D836AE /* AlertCollectionViewCell.swift */,
				920D17961F6C5CD200D63295 /* Views */,
				CD81F5231DC0334600009FBD /* Assets.xcassets */,
				CD81F5251DC0334600009FBD /* LaunchScreen.storyboard */,
				CD81F5281DC0334600009FBD /* Info.plist */,
				92F681571FC1353700393DF4 /* Pods-WhatsOpen-acknowledgements.plist */,
				92F681591FC137CF00393DF4 /* Settings.bundle */,
			);
			path = WhatsOpen;
			sourceTree = "<group>";
		};
		CD81F5301DC03AA700009FBD /* DataModel */ = {
			isa = PBXGroup;
			children = (
				CD763A791DE24EF100ADFD6B /* examplejson.swift */,
				CD3C97481DC18AB300A84434 /* SRCTNetworkController.swift */,
			);
			name = DataModel;
			sourceTree = "<group>";
		};
		FD2AE174B8FDE3008F34206E /* Frameworks */ = {
			isa = PBXGroup;
			children = (
				927A8466141434969CE74044 /* Pods_WhatsOpen.framework */,
			);
			name = Frameworks;
			sourceTree = "<group>";
		};
/* End PBXGroup section */

/* Begin PBXNativeTarget section */
		7F4743171E11C7D100E6E3D1 /* WhatsOpenTests */ = {
			isa = PBXNativeTarget;
			buildConfigurationList = 7F47431F1E11C7D100E6E3D1 /* Build configuration list for PBXNativeTarget "WhatsOpenTests" */;
			buildPhases = (
				7F4743141E11C7D100E6E3D1 /* Sources */,
				7F4743151E11C7D100E6E3D1 /* Frameworks */,
				7F4743161E11C7D100E6E3D1 /* Resources */,
			);
			buildRules = (
			);
			dependencies = (
				7F47431E1E11C7D100E6E3D1 /* PBXTargetDependency */,
			);
			name = WhatsOpenTests;
			productName = WhatsOpenTests;
			productReference = 7F4743181E11C7D100E6E3D1 /* WhatsOpenTests.xctest */;
			productType = "com.apple.product-type.bundle.unit-test";
		};
		CD81F5181DC0334600009FBD /* WhatsOpen */ = {
			isa = PBXNativeTarget;
			buildConfigurationList = CD81F52B1DC0334600009FBD /* Build configuration list for PBXNativeTarget "WhatsOpen" */;
			buildPhases = (
				50D6F624F16EB519DDA7AD66 /* [CP] Check Pods Manifest.lock */,
				CD81F5151DC0334600009FBD /* Sources */,
				CD81F5161DC0334600009FBD /* Frameworks */,
				CD81F5171DC0334600009FBD /* Resources */,
				050652C69FEE801081A19D85 /* [CP] Embed Pods Frameworks */,
				E09CBA67A9A59A8E148F3FE7 /* [CP] Copy Pods Resources */,
			);
			buildRules = (
			);
			dependencies = (
			);
			name = WhatsOpen;
			productName = WhatsOpen;
			productReference = CD81F5191DC0334600009FBD /* WhatsOpen.app */;
			productType = "com.apple.product-type.application";
		};
/* End PBXNativeTarget section */

/* Begin PBXProject section */
		CD81F5111DC0334600009FBD /* Project object */ = {
			isa = PBXProject;
			attributes = {
				LastSwiftUpdateCheck = 0820;
				LastUpgradeCheck = 0900;
				ORGANIZATIONNAME = SRCT;
				TargetAttributes = {
					7F4743171E11C7D100E6E3D1 = {
						CreatedOnToolsVersion = 8.2;
						DevelopmentTeam = HQSN7HX89U;
						LastSwiftMigration = 0910;
						ProvisioningStyle = Automatic;
						TestTargetID = CD81F5181DC0334600009FBD;
					};
					CD81F5181DC0334600009FBD = {
						CreatedOnToolsVersion = 8.0;
						DevelopmentTeam = K5MMVK2UFR;
						LastSwiftMigration = 0910;
						ProvisioningStyle = Automatic;
					};
				};
			};
			buildConfigurationList = CD81F5141DC0334600009FBD /* Build configuration list for PBXProject "WhatsOpen" */;
			compatibilityVersion = "Xcode 3.2";
			developmentRegion = English;
			hasScannedForEncodings = 0;
			knownRegions = (
				en,
				Base,
			);
			mainGroup = CD81F5101DC0334600009FBD;
			productRefGroup = CD81F51A1DC0334600009FBD /* Products */;
			projectDirPath = "";
			projectRoot = "";
			targets = (
				CD81F5181DC0334600009FBD /* WhatsOpen */,
				7F4743171E11C7D100E6E3D1 /* WhatsOpenTests */,
			);
		};
/* End PBXProject section */

/* Begin PBXResourcesBuildPhase section */
		7F4743161E11C7D100E6E3D1 /* Resources */ = {
			isa = PBXResourcesBuildPhase;
			buildActionMask = 2147483647;
			files = (
			);
			runOnlyForDeploymentPostprocessing = 0;
		};
		CD81F5171DC0334600009FBD /* Resources */ = {
			isa = PBXResourcesBuildPhase;
			buildActionMask = 2147483647;
			files = (
				CD81F5271DC0334600009FBD /* LaunchScreen.storyboard in Resources */,
				CD81F5241DC0334600009FBD /* Assets.xcassets in Resources */,
				92F6815A1FC137CF00393DF4 /* Settings.bundle in Resources */,
				CD81F5221DC0334600009FBD /* Main.storyboard in Resources */,
				92F681581FC1353700393DF4 /* Pods-WhatsOpen-acknowledgements.plist in Resources */,
			);
			runOnlyForDeploymentPostprocessing = 0;
		};
/* End PBXResourcesBuildPhase section */

/* Begin PBXShellScriptBuildPhase section */
		050652C69FEE801081A19D85 /* [CP] Embed Pods Frameworks */ = {
			isa = PBXShellScriptBuildPhase;
			buildActionMask = 2147483647;
			files = (
			);
			inputPaths = (
				"${SRCROOT}/Pods/Target Support Files/Pods-WhatsOpen/Pods-WhatsOpen-frameworks.sh",
				"${BUILT_PRODUCTS_DIR}/DeckTransition/DeckTransition.framework",
				"${BUILT_PRODUCTS_DIR}/ObjectMapper/ObjectMapper.framework",
				"${BUILT_PRODUCTS_DIR}/Realm/Realm.framework",
				"${BUILT_PRODUCTS_DIR}/RealmSwift/RealmSwift.framework",
			);
			name = "[CP] Embed Pods Frameworks";
			outputPaths = (
				"${TARGET_BUILD_DIR}/${FRAMEWORKS_FOLDER_PATH}/DeckTransition.framework",
				"${TARGET_BUILD_DIR}/${FRAMEWORKS_FOLDER_PATH}/ObjectMapper.framework",
				"${TARGET_BUILD_DIR}/${FRAMEWORKS_FOLDER_PATH}/Realm.framework",
				"${TARGET_BUILD_DIR}/${FRAMEWORKS_FOLDER_PATH}/RealmSwift.framework",
			);
			runOnlyForDeploymentPostprocessing = 0;
			shellPath = /bin/sh;
			shellScript = "\"${SRCROOT}/Pods/Target Support Files/Pods-WhatsOpen/Pods-WhatsOpen-frameworks.sh\"\n";
			showEnvVarsInLog = 0;
		};
		50D6F624F16EB519DDA7AD66 /* [CP] Check Pods Manifest.lock */ = {
			isa = PBXShellScriptBuildPhase;
			buildActionMask = 2147483647;
			files = (
			);
			inputPaths = (
				"${PODS_PODFILE_DIR_PATH}/Podfile.lock",
				"${PODS_ROOT}/Manifest.lock",
			);
			name = "[CP] Check Pods Manifest.lock";
			outputPaths = (
				"$(DERIVED_FILE_DIR)/Pods-WhatsOpen-checkManifestLockResult.txt",
			);
			runOnlyForDeploymentPostprocessing = 0;
			shellPath = /bin/sh;
			shellScript = "diff \"${PODS_PODFILE_DIR_PATH}/Podfile.lock\" \"${PODS_ROOT}/Manifest.lock\" > /dev/null\nif [ $? != 0 ] ; then\n    # print error to STDERR\n    echo \"error: The sandbox is not in sync with the Podfile.lock. Run 'pod install' or update your CocoaPods installation.\" >&2\n    exit 1\nfi\n# This output is used by Xcode 'outputs' to avoid re-running this script phase.\necho \"SUCCESS\" > \"${SCRIPT_OUTPUT_FILE_0}\"\n";
			showEnvVarsInLog = 0;
		};
		E09CBA67A9A59A8E148F3FE7 /* [CP] Copy Pods Resources */ = {
			isa = PBXShellScriptBuildPhase;
			buildActionMask = 2147483647;
			files = (
			);
			inputPaths = (
			);
			name = "[CP] Copy Pods Resources";
			outputPaths = (
			);
			runOnlyForDeploymentPostprocessing = 0;
			shellPath = /bin/sh;
			shellScript = "\"${SRCROOT}/Pods/Target Support Files/Pods-WhatsOpen/Pods-WhatsOpen-resources.sh\"\n";
			showEnvVarsInLog = 0;
		};
/* End PBXShellScriptBuildPhase section */

/* Begin PBXSourcesBuildPhase section */
		7F4743141E11C7D100E6E3D1 /* Sources */ = {
			isa = PBXSourcesBuildPhase;
			buildActionMask = 2147483647;
			files = (
				7F4743271E11D1BC00E6E3D1 /* MainTableViewControllerTests.swift in Sources */,
			);
			runOnlyForDeploymentPostprocessing = 0;
		};
		CD81F5151DC0334600009FBD /* Sources */ = {
			isa = PBXSourcesBuildPhase;
			buildActionMask = 2147483647;
			files = (
				92B2D2FF1FF8599500349E90 /* FilterSelectionTableViewController.swift in Sources */,
				92182EC41E95C38400192ABA /* FacilityDetailViewController.swift in Sources */,
				929157221FF4662F00ED63C7 /* PickingTableViewCell.swift in Sources */,
				92FF6C731FFEEEE900D836AE /* AlertCollectionViewCell.swift in Sources */,
				92108A331ED755F100675E16 /* CheckingTableViewCell.swift in Sources */,
				92182EC01E95BD2C00192ABA /* FacilitiesListViewController.swift in Sources */,
				CD763A7A1DE24EF100ADFD6B /* examplejson.swift in Sources */,
				9265F3A31F2C0B1500A54A21 /* AboutScreenViewController.swift in Sources */,
				92EA81971FB7D1B500B1F6E3 /* PaddedUILabel.swift in Sources */,
				CD466DD21DC12E1200E44DF5 /* MainTableViewController.swift in Sources */,
				924840F81EA915F200DBFF4E /* FacilityCollectionViewCell.swift in Sources */,
				9265F3A11F2969E500A54A21 /* SettingTableViewCell.swift in Sources */,
				9270A4DD1EC0010300DFBDA3 /* Filters.swift in Sources */,
				927C80DC1EB18B89009079AD /* FiltersTableViewController.swift in Sources */,
				CD763A7E1DE253B900ADFD6B /* SRCTUtilities.swift in Sources */,
				927C80DA1EB02566009079AD /* SettingsTableViewController.swift in Sources */,
				CD3C97491DC18AB300A84434 /* SRCTNetworkController.swift in Sources */,
				CD763A7C1DE251C400ADFD6B /* SRCTSimpleTableViewCell.swift in Sources */,
				9270A4DB1EB5565400DFBDA3 /* SwitchingTableViewCell.swift in Sources */,
				CD81F51D1DC0334600009FBD /* AppDelegate.swift in Sources */,
			);
			runOnlyForDeploymentPostprocessing = 0;
		};
/* End PBXSourcesBuildPhase section */

/* Begin PBXTargetDependency section */
		7F47431E1E11C7D100E6E3D1 /* PBXTargetDependency */ = {
			isa = PBXTargetDependency;
			target = CD81F5181DC0334600009FBD /* WhatsOpen */;
			targetProxy = 7F47431D1E11C7D100E6E3D1 /* PBXContainerItemProxy */;
		};
/* End PBXTargetDependency section */

/* Begin PBXVariantGroup section */
		CD81F5201DC0334600009FBD /* Main.storyboard */ = {
			isa = PBXVariantGroup;
			children = (
				CD81F5211DC0334600009FBD /* Base */,
			);
			name = Main.storyboard;
			sourceTree = "<group>";
		};
		CD81F5251DC0334600009FBD /* LaunchScreen.storyboard */ = {
			isa = PBXVariantGroup;
			children = (
				CD81F5261DC0334600009FBD /* Base */,
			);
			name = LaunchScreen.storyboard;
			sourceTree = "<group>";
		};
/* End PBXVariantGroup section */

/* Begin XCBuildConfiguration section */
		7F4743201E11C7D100E6E3D1 /* Debug */ = {
			isa = XCBuildConfiguration;
			buildSettings = {
				BUNDLE_LOADER = "$(TEST_HOST)";
				CLANG_ENABLE_MODULES = YES;
				CLANG_WARN_SUSPICIOUS_MOVE = YES;
				DEVELOPMENT_TEAM = HQSN7HX89U;
				INFOPLIST_FILE = WhatsOpenTests/Info.plist;
				IPHONEOS_DEPLOYMENT_TARGET = 10.2;
				LD_RUNPATH_SEARCH_PATHS = "$(inherited) @executable_path/Frameworks @loader_path/Frameworks";
				PRODUCT_BUNDLE_IDENTIFIER = com.iameyad.WhatsOpenTests;
				PRODUCT_NAME = "$(TARGET_NAME)";
				SWIFT_OPTIMIZATION_LEVEL = "-Onone";
				SWIFT_VERSION = 4.0;
				TEST_HOST = "$(BUILT_PRODUCTS_DIR)/WhatsOpen.app/WhatsOpen";
			};
			name = Debug;
		};
		7F4743211E11C7D100E6E3D1 /* Release */ = {
			isa = XCBuildConfiguration;
			buildSettings = {
				BUNDLE_LOADER = "$(TEST_HOST)";
				CLANG_ENABLE_MODULES = YES;
				CLANG_WARN_SUSPICIOUS_MOVE = YES;
				DEVELOPMENT_TEAM = HQSN7HX89U;
				INFOPLIST_FILE = WhatsOpenTests/Info.plist;
				IPHONEOS_DEPLOYMENT_TARGET = 10.2;
				LD_RUNPATH_SEARCH_PATHS = "$(inherited) @executable_path/Frameworks @loader_path/Frameworks";
				PRODUCT_BUNDLE_IDENTIFIER = com.iameyad.WhatsOpenTests;
				PRODUCT_NAME = "$(TARGET_NAME)";
				SWIFT_VERSION = 4.0;
				TEST_HOST = "$(BUILT_PRODUCTS_DIR)/WhatsOpen.app/WhatsOpen";
			};
			name = Release;
		};
		928C95FF1FFDAEBF0071B3B0 /* App Store */ = {
			isa = XCBuildConfiguration;
			buildSettings = {
				ALWAYS_SEARCH_USER_PATHS = NO;
				CLANG_ANALYZER_NONNULL = YES;
				CLANG_CXX_LANGUAGE_STANDARD = "gnu++0x";
				CLANG_CXX_LIBRARY = "libc++";
				CLANG_ENABLE_MODULES = YES;
				CLANG_ENABLE_OBJC_ARC = YES;
				CLANG_WARN_BLOCK_CAPTURE_AUTORELEASING = YES;
				CLANG_WARN_BOOL_CONVERSION = YES;
				CLANG_WARN_COMMA = YES;
				CLANG_WARN_CONSTANT_CONVERSION = YES;
				CLANG_WARN_DIRECT_OBJC_ISA_USAGE = YES_ERROR;
				CLANG_WARN_DOCUMENTATION_COMMENTS = YES;
				CLANG_WARN_EMPTY_BODY = YES;
				CLANG_WARN_ENUM_CONVERSION = YES;
				CLANG_WARN_INFINITE_RECURSION = YES;
				CLANG_WARN_INT_CONVERSION = YES;
				CLANG_WARN_NON_LITERAL_NULL_CONVERSION = YES;
				CLANG_WARN_OBJC_LITERAL_CONVERSION = YES;
				CLANG_WARN_OBJC_ROOT_CLASS = YES_ERROR;
				CLANG_WARN_RANGE_LOOP_ANALYSIS = YES;
				CLANG_WARN_STRICT_PROTOTYPES = YES;
				CLANG_WARN_SUSPICIOUS_MOVE = YES;
				CLANG_WARN_SUSPICIOUS_MOVES = YES;
				CLANG_WARN_UNREACHABLE_CODE = YES;
				CLANG_WARN__DUPLICATE_METHOD_MATCH = YES;
				"CODE_SIGN_IDENTITY[sdk=iphoneos*]" = "iPhone Developer";
				COPY_PHASE_STRIP = NO;
				DEBUG_INFORMATION_FORMAT = "dwarf-with-dsym";
				DEFINES_MODULE = NO;
				ENABLE_NS_ASSERTIONS = NO;
				ENABLE_STRICT_OBJC_MSGSEND = YES;
				GCC_C_LANGUAGE_STANDARD = gnu99;
				GCC_NO_COMMON_BLOCKS = YES;
				GCC_WARN_64_TO_32_BIT_CONVERSION = YES;
				GCC_WARN_ABOUT_RETURN_TYPE = YES_ERROR;
				GCC_WARN_UNDECLARED_SELECTOR = YES;
				GCC_WARN_UNINITIALIZED_AUTOS = YES_AGGRESSIVE;
				GCC_WARN_UNUSED_FUNCTION = YES;
				GCC_WARN_UNUSED_VARIABLE = YES;
				IPHONEOS_DEPLOYMENT_TARGET = 10.2;
				MTL_ENABLE_DEBUG_INFO = NO;
				SDKROOT = iphoneos;
				SWIFT_OPTIMIZATION_LEVEL = "-Owholemodule";
				VALIDATE_PRODUCT = YES;
			};
			name = "App Store";
		};
		928C96001FFDAEBF0071B3B0 /* App Store */ = {
			isa = XCBuildConfiguration;
			baseConfigurationReference = 8F015127235262238FB6B04D /* Pods-WhatsOpen.app store.xcconfig */;
			buildSettings = {
				ASSETCATALOG_COMPILER_APPICON_NAME = AppIcon;
				DEFINES_MODULE = YES;
				DEVELOPMENT_TEAM = K5MMVK2UFR;
				FRAMEWORK_SEARCH_PATHS = (
					"$(inherited)",
					"$(PROJECT_DIR)",
				);
				INFOPLIST_FILE = WhatsOpen/Info.plist;
				IPHONEOS_DEPLOYMENT_TARGET = 11.0;
				LD_RUNPATH_SEARCH_PATHS = "$(inherited) @executable_path/Frameworks";
				PRODUCT_BUNDLE_IDENTIFIER = edu.gmu.srct.whatsopen;
				PRODUCT_NAME = "$(TARGET_NAME)";
				SWIFT_SWIFT3_OBJC_INFERENCE = On;
				SWIFT_VERSION = 4.0;
				TARGETED_DEVICE_FAMILY = "1,2";
			};
			name = "App Store";
		};
		928C96011FFDAEBF0071B3B0 /* App Store */ = {
			isa = XCBuildConfiguration;
			buildSettings = {
				BUNDLE_LOADER = "$(TEST_HOST)";
				CLANG_ENABLE_MODULES = YES;
				CLANG_WARN_SUSPICIOUS_MOVE = YES;
				DEVELOPMENT_TEAM = HQSN7HX89U;
				INFOPLIST_FILE = WhatsOpenTests/Info.plist;
				IPHONEOS_DEPLOYMENT_TARGET = 10.2;
				LD_RUNPATH_SEARCH_PATHS = "$(inherited) @executable_path/Frameworks @loader_path/Frameworks";
				PRODUCT_BUNDLE_IDENTIFIER = com.iameyad.WhatsOpenTests;
				PRODUCT_NAME = "$(TARGET_NAME)";
				SWIFT_VERSION = 4.0;
				TEST_HOST = "$(BUILT_PRODUCTS_DIR)/WhatsOpen.app/WhatsOpen";
			};
			name = "App Store";
		};
		CD81F5291DC0334600009FBD /* Debug */ = {
			isa = XCBuildConfiguration;
			buildSettings = {
				ALWAYS_SEARCH_USER_PATHS = NO;
				CLANG_ANALYZER_NONNULL = YES;
				CLANG_CXX_LANGUAGE_STANDARD = "gnu++0x";
				CLANG_CXX_LIBRARY = "libc++";
				CLANG_ENABLE_MODULES = YES;
				CLANG_ENABLE_OBJC_ARC = YES;
				CLANG_WARN_BLOCK_CAPTURE_AUTORELEASING = YES;
				CLANG_WARN_BOOL_CONVERSION = YES;
				CLANG_WARN_COMMA = YES;
				CLANG_WARN_CONSTANT_CONVERSION = YES;
				CLANG_WARN_DIRECT_OBJC_ISA_USAGE = YES_ERROR;
				CLANG_WARN_DOCUMENTATION_COMMENTS = YES;
				CLANG_WARN_EMPTY_BODY = YES;
				CLANG_WARN_ENUM_CONVERSION = YES;
				CLANG_WARN_INFINITE_RECURSION = YES;
				CLANG_WARN_INT_CONVERSION = YES;
				CLANG_WARN_NON_LITERAL_NULL_CONVERSION = YES;
				CLANG_WARN_OBJC_LITERAL_CONVERSION = YES;
				CLANG_WARN_OBJC_ROOT_CLASS = YES_ERROR;
				CLANG_WARN_RANGE_LOOP_ANALYSIS = YES;
				CLANG_WARN_STRICT_PROTOTYPES = YES;
				CLANG_WARN_SUSPICIOUS_MOVE = YES;
				CLANG_WARN_SUSPICIOUS_MOVES = YES;
				CLANG_WARN_UNREACHABLE_CODE = YES;
				CLANG_WARN__DUPLICATE_METHOD_MATCH = YES;
				"CODE_SIGN_IDENTITY[sdk=iphoneos*]" = "iPhone Developer";
				COPY_PHASE_STRIP = NO;
				DEBUG_INFORMATION_FORMAT = dwarf;
				DEFINES_MODULE = NO;
				ENABLE_STRICT_OBJC_MSGSEND = YES;
				ENABLE_TESTABILITY = YES;
				GCC_C_LANGUAGE_STANDARD = gnu99;
				GCC_DYNAMIC_NO_PIC = NO;
				GCC_NO_COMMON_BLOCKS = YES;
				GCC_OPTIMIZATION_LEVEL = 0;
				GCC_PREPROCESSOR_DEFINITIONS = (
					"DEBUG=1",
					"$(inherited)",
				);
				GCC_WARN_64_TO_32_BIT_CONVERSION = YES;
				GCC_WARN_ABOUT_RETURN_TYPE = YES_ERROR;
				GCC_WARN_UNDECLARED_SELECTOR = YES;
				GCC_WARN_UNINITIALIZED_AUTOS = YES_AGGRESSIVE;
				GCC_WARN_UNUSED_FUNCTION = YES;
				GCC_WARN_UNUSED_VARIABLE = YES;
				IPHONEOS_DEPLOYMENT_TARGET = 10.2;
				MTL_ENABLE_DEBUG_INFO = YES;
				ONLY_ACTIVE_ARCH = YES;
				SDKROOT = iphoneos;
				SWIFT_ACTIVE_COMPILATION_CONDITIONS = DEBUG;
				SWIFT_OPTIMIZATION_LEVEL = "-Onone";
			};
			name = Debug;
		};
		CD81F52A1DC0334600009FBD /* Release */ = {
			isa = XCBuildConfiguration;
			buildSettings = {
				ALWAYS_SEARCH_USER_PATHS = NO;
				CLANG_ANALYZER_NONNULL = YES;
				CLANG_CXX_LANGUAGE_STANDARD = "gnu++0x";
				CLANG_CXX_LIBRARY = "libc++";
				CLANG_ENABLE_MODULES = YES;
				CLANG_ENABLE_OBJC_ARC = YES;
				CLANG_WARN_BLOCK_CAPTURE_AUTORELEASING = YES;
				CLANG_WARN_BOOL_CONVERSION = YES;
				CLANG_WARN_COMMA = YES;
				CLANG_WARN_CONSTANT_CONVERSION = YES;
				CLANG_WARN_DIRECT_OBJC_ISA_USAGE = YES_ERROR;
				CLANG_WARN_DOCUMENTATION_COMMENTS = YES;
				CLANG_WARN_EMPTY_BODY = YES;
				CLANG_WARN_ENUM_CONVERSION = YES;
				CLANG_WARN_INFINITE_RECURSION = YES;
				CLANG_WARN_INT_CONVERSION = YES;
				CLANG_WARN_NON_LITERAL_NULL_CONVERSION = YES;
				CLANG_WARN_OBJC_LITERAL_CONVERSION = YES;
				CLANG_WARN_OBJC_ROOT_CLASS = YES_ERROR;
				CLANG_WARN_RANGE_LOOP_ANALYSIS = YES;
				CLANG_WARN_STRICT_PROTOTYPES = YES;
				CLANG_WARN_SUSPICIOUS_MOVE = YES;
				CLANG_WARN_SUSPICIOUS_MOVES = YES;
				CLANG_WARN_UNREACHABLE_CODE = YES;
				CLANG_WARN__DUPLICATE_METHOD_MATCH = YES;
				"CODE_SIGN_IDENTITY[sdk=iphoneos*]" = "iPhone Developer";
				COPY_PHASE_STRIP = NO;
				DEBUG_INFORMATION_FORMAT = "dwarf-with-dsym";
				DEFINES_MODULE = NO;
				ENABLE_NS_ASSERTIONS = NO;
				ENABLE_STRICT_OBJC_MSGSEND = YES;
				GCC_C_LANGUAGE_STANDARD = gnu99;
				GCC_NO_COMMON_BLOCKS = YES;
				GCC_WARN_64_TO_32_BIT_CONVERSION = YES;
				GCC_WARN_ABOUT_RETURN_TYPE = YES_ERROR;
				GCC_WARN_UNDECLARED_SELECTOR = YES;
				GCC_WARN_UNINITIALIZED_AUTOS = YES_AGGRESSIVE;
				GCC_WARN_UNUSED_FUNCTION = YES;
				GCC_WARN_UNUSED_VARIABLE = YES;
				IPHONEOS_DEPLOYMENT_TARGET = 10.2;
				MTL_ENABLE_DEBUG_INFO = NO;
				SDKROOT = iphoneos;
				SWIFT_OPTIMIZATION_LEVEL = "-Owholemodule";
				VALIDATE_PRODUCT = YES;
			};
			name = Release;
		};
		CD81F52C1DC0334600009FBD /* Debug */ = {
			isa = XCBuildConfiguration;
			baseConfigurationReference = 872CF49056BDED7BF0032929 /* Pods-WhatsOpen.debug.xcconfig */;
			buildSettings = {
				ASSETCATALOG_COMPILER_APPICON_NAME = "AppIcon-DEV";
				DEFINES_MODULE = YES;
				DEVELOPMENT_TEAM = N5GM564QWL;
				FRAMEWORK_SEARCH_PATHS = (
					"$(inherited)",
					"$(PROJECT_DIR)",
				);
				INFOPLIST_FILE = WhatsOpen/Info.plist;
				IPHONEOS_DEPLOYMENT_TARGET = 11.0;
				LD_RUNPATH_SEARCH_PATHS = "$(inherited) @executable_path/Frameworks";
				PRODUCT_BUNDLE_IDENTIFIER = space.srct.whatsopen;
				PRODUCT_NAME = "$(TARGET_NAME)";
				SWIFT_SWIFT3_OBJC_INFERENCE = On;
				SWIFT_VERSION = 4.0;
				TARGETED_DEVICE_FAMILY = "1,2";
			};
			name = Debug;
		};
		CD81F52D1DC0334600009FBD /* Release */ = {
			isa = XCBuildConfiguration;
			baseConfigurationReference = 850A3B437386146F08E37C9C /* Pods-WhatsOpen.release.xcconfig */;
			buildSettings = {
				ASSETCATALOG_COMPILER_APPICON_NAME = "AppIcon-DEV";
				DEFINES_MODULE = YES;
				DEVELOPMENT_TEAM = N5GM564QWL;
				FRAMEWORK_SEARCH_PATHS = (
					"$(inherited)",
					"$(PROJECT_DIR)",
				);
				INFOPLIST_FILE = WhatsOpen/Info.plist;
				IPHONEOS_DEPLOYMENT_TARGET = 11.0;
				LD_RUNPATH_SEARCH_PATHS = "$(inherited) @executable_path/Frameworks";
				PRODUCT_BUNDLE_IDENTIFIER = space.srct.whatsopen;
				PRODUCT_NAME = "$(TARGET_NAME)";
				SWIFT_SWIFT3_OBJC_INFERENCE = On;
				SWIFT_VERSION = 4.0;
				TARGETED_DEVICE_FAMILY = "1,2";
			};
			name = Release;
		};
/* End XCBuildConfiguration section */

/* Begin XCConfigurationList section */
		7F47431F1E11C7D100E6E3D1 /* Build configuration list for PBXNativeTarget "WhatsOpenTests" */ = {
			isa = XCConfigurationList;
			buildConfigurations = (
				7F4743201E11C7D100E6E3D1 /* Debug */,
				7F4743211E11C7D100E6E3D1 /* Release */,
				928C96011FFDAEBF0071B3B0 /* App Store */,
			);
			defaultConfigurationIsVisible = 0;
			defaultConfigurationName = Release;
		};
		CD81F5141DC0334600009FBD /* Build configuration list for PBXProject "WhatsOpen" */ = {
			isa = XCConfigurationList;
			buildConfigurations = (
				CD81F5291DC0334600009FBD /* Debug */,
				CD81F52A1DC0334600009FBD /* Release */,
				928C95FF1FFDAEBF0071B3B0 /* App Store */,
			);
			defaultConfigurationIsVisible = 0;
			defaultConfigurationName = Release;
		};
		CD81F52B1DC0334600009FBD /* Build configuration list for PBXNativeTarget "WhatsOpen" */ = {
			isa = XCConfigurationList;
			buildConfigurations = (
				CD81F52C1DC0334600009FBD /* Debug */,
				CD81F52D1DC0334600009FBD /* Release */,
				928C96001FFDAEBF0071B3B0 /* App Store */,
			);
			defaultConfigurationIsVisible = 0;
			defaultConfigurationName = Release;
		};
/* End XCConfigurationList section */
	};
	rootObject = CD81F5111DC0334600009FBD /* Project object */;
}
