PODS:
  - Realm (2.10.0):
    - Realm/Headers (= 2.10.0)
  - Realm/Headers (2.10.0)
  - RealmSwift (2.10.0):
    - Realm (= 2.10.0)

DEPENDENCIES:
  - RealmSwift

SPEC CHECKSUMS:
  Realm: 98b3a25643cf6b3e07d2b99fb43fe0eb9c801dec
  RealmSwift: 34073ad3a31232bbaf7c0db898c037940284cba2

PODFILE CHECKSUM: b8c4ac0f68e1021098d7016accb14cf642240f47

COCOAPODS: 1.2.1
